
Microsoft Visual Studio Solution File, Format Version 12.00
# Visual Studio 2017
Project("{FAE04EC0-301F-11D3-BF4B-00C04F79EFBC}") = "TowerDefenceTest", "TowerDefenceTest.csproj", "{59D6529F-D5DB-1826-783D-ED51ACE286B5}"
EndProject
Project("{FAE04EC0-301F-11D3-BF4B-00C04F79EFBC}") = "TowerDefenceTest.Editor", "TowerDefenceTest.Editor.csproj", "{8C14BA9F-9076-3846-2E95-907179C7BEEF}"
EndProject
Global
	GlobalSection(SolutionConfigurationPlatforms) = preSolution
		Debug|Any CPU = Debug|Any CPU
		Release|Any CPU = Release|Any CPU
	EndGlobalSection
	GlobalSection(ProjectConfigurationPlatforms) = postSolution
		{59D6529F-D5DB-1826-783D-ED51ACE286B5}.Debug|Any CPU.ActiveCfg = Debug|Any CPU
		{59D6529F-D5DB-1826-783D-ED51ACE286B5}.Debug|Any CPU.Build.0 = Debug|Any CPU
		{59D6529F-D5DB-1826-783D-ED51ACE286B5}.Release|Any CPU.ActiveCfg = Release|Any CPU
		{59D6529F-D5DB-1826-783D-ED51ACE286B5}.Release|Any CPU.Build.0 = Release|Any CPU
		{8C14BA9F-9076-3846-2E95-907179C7BEEF}.Debug|Any CPU.ActiveCfg = Debug|Any CPU
		{8C14BA9F-9076-3846-2E95-907179C7BEEF}.Debug|Any CPU.Build.0 = Debug|Any CPU
		{8C14BA9F-9076-3846-2E95-907179C7BEEF}.Release|Any CPU.ActiveCfg = Release|Any CPU
		{8C14BA9F-9076-3846-2E95-907179C7BEEF}.Release|Any CPU.Build.0 = Release|Any CPU
	EndGlobalSection
	GlobalSection(SolutionProperties) = preSolution
		HideSolutionNode = FALSE
	EndGlobalSection
EndGlobal
